
Microsoft Visual Studio Solution File, Format Version 12.00
# Visual Studio 15
VisualStudioVersion = 15.0.28010.2050
MinimumVisualStudioVersion = 10.0.40219.1
Project("{FAE04EC0-301F-11D3-BF4B-00C04F79EFBC}") = "T4T_NET", "T4T_NET\T4T_NET.csproj", "{EFEBEFA1-20C1-4E84-99D9-D063F8E26C53}"
EndProject
Global
	GlobalSection(SolutionConfigurationPlatforms) = preSolution
		Debug|Any CPU = Debug|Any CPU
		Release|Any CPU = Release|Any CPU
	EndGlobalSection
	GlobalSection(ProjectConfigurationPlatforms) = postSolution
		{EFEBEFA1-20C1-4E84-99D9-D063F8E26C53}.Debug|Any CPU.ActiveCfg = Debug|Any CPU
		{EFEBEFA1-20C1-4E84-99D9-D063F8E26C53}.Debug|Any CPU.Build.0 = Debug|Any CPU
		{EFEBEFA1-20C1-4E84-99D9-D063F8E26C53}.Release|Any CPU.ActiveCfg = Release|Any CPU
		{EFEBEFA1-20C1-4E84-99D9-D063F8E26C53}.Release|Any CPU.Build.0 = Release|Any CPU
	EndGlobalSection
	GlobalSection(SolutionProperties) = preSolution
		HideSolutionNode = FALSE
	EndGlobalSection
	GlobalSection(ExtensibilityGlobals) = postSolution
		SolutionGuid = {C1291094-E58F-4443-95CA-17B894BE0458}
	EndGlobalSection
EndGlobal
